
Microsoft Visual Studio Solution File, Format Version 12.00
# Visual Studio Version 17
VisualStudioVersion = 17.4.33110.190
MinimumVisualStudioVersion = 10.0.40219.1
Project("{FAE04EC0-301F-11D3-BF4B-00C04F79EFBC}") = "dotnetlab202212wasm", "dotnetlab202212wasm\dotnetlab202212wasm.csproj", "{512D969A-1CBF-41C0-9686-2317C708CB88}"
EndProject
Global
	GlobalSection(SolutionConfigurationPlatforms) = preSolution
		Debug|Any CPU = Debug|Any CPU
		Release|Any CPU = Release|Any CPU
	EndGlobalSection
	GlobalSection(ProjectConfigurationPlatforms) = postSolution
		{512D969A-1CBF-41C0-9686-2317C708CB88}.Debug|Any CPU.ActiveCfg = Debug|Any CPU
		{512D969A-1CBF-41C0-9686-2317C708CB88}.Debug|Any CPU.Build.0 = Debug|Any CPU
		{512D969A-1CBF-41C0-9686-2317C708CB88}.Release|Any CPU.ActiveCfg = Release|Any CPU
		{512D969A-1CBF-41C0-9686-2317C708CB88}.Release|Any CPU.Build.0 = Release|Any CPU
	EndGlobalSection
	GlobalSection(SolutionProperties) = preSolution
		HideSolutionNode = FALSE
	EndGlobalSection
	GlobalSection(ExtensibilityGlobals) = postSolution
		SolutionGuid = {BE4E1784-53C6-44CD-85ED-2136A6FE8821}
	EndGlobalSection
EndGlobal
